// !$*UTF8*$!
{
	archiveVersion = 1;
	classes = {
	};
	objectVersion = 46;
	objects = {

/* Begin PBXBuildFile section */
		89B2D70FFCCF379DFDAF9590 /* Pods_eurofurence.framework in Frameworks */ = {isa = PBXBuildFile; fileRef = C5EC644872E2106E173C2C16 /* Pods_eurofurence.framework */; };
		96DC52F6D1E8C83049BB76F9 /* Pods_eurofurenceTests.framework in Frameworks */ = {isa = PBXBuildFile; fileRef = E1675ABCE261AEC093023EE1 /* Pods_eurofurenceTests.framework */; };
		9A35AEEC1D58FC1800ECFD0F /* Markdown.swift in Sources */ = {isa = PBXBuildFile; fileRef = 9A35AEEB1D58FC1800ECFD0F /* Markdown.swift */; };
		9A458BBF1D562E4B00CA9C49 /* CountryAlpha3Converter.swift in Sources */ = {isa = PBXBuildFile; fileRef = 9A458BBE1D562E4B00CA9C49 /* CountryAlpha3Converter.swift */; };
		9A458BC11D56A29100CA9C49 /* MapEntry.swift in Sources */ = {isa = PBXBuildFile; fileRef = 9A458BC01D56A29100CA9C49 /* MapEntry.swift */; };
		9A6101921D59BD5800A7B3CF /* WikiText.swift in Sources */ = {isa = PBXBuildFile; fileRef = 9A6101911D59BD5800A7B3CF /* WikiText.swift */; };
		9A8AEA511D526755004A17E3 /* RoutingAppChooser.swift in Sources */ = {isa = PBXBuildFile; fileRef = 9A8AEA501D526754004A17E3 /* RoutingAppChooser.swift */; };
		BF006C4D1CD3B299006F5871 /* InfosTutorialViewController.swift in Sources */ = {isa = PBXBuildFile; fileRef = BF006C4C1CD3B299006F5871 /* InfosTutorialViewController.swift */; };
		BF00E05E1C4FEDE600F998AA /* AppDelegate.swift in Sources */ = {isa = PBXBuildFile; fileRef = BF00E05D1C4FEDE600F998AA /* AppDelegate.swift */; };
		BF00E0601C4FEDE600F998AA /* ViewController.swift in Sources */ = {isa = PBXBuildFile; fileRef = BF00E05F1C4FEDE600F998AA /* ViewController.swift */; };
		BF00E0631C4FEDE700F998AA /* Main.storyboard in Resources */ = {isa = PBXBuildFile; fileRef = BF00E0611C4FEDE700F998AA /* Main.storyboard */; };
		BF00E0651C4FEDE700F998AA /* Assets.xcassets in Resources */ = {isa = PBXBuildFile; fileRef = BF00E0641C4FEDE700F998AA /* Assets.xcassets */; };
		BF00E0681C4FEDE700F998AA /* LaunchScreen.storyboard in Resources */ = {isa = PBXBuildFile; fileRef = BF00E0661C4FEDE700F998AA /* LaunchScreen.storyboard */; };
		BF00E0731C4FEDE700F998AA /* eurofurenceTests.swift in Sources */ = {isa = PBXBuildFile; fileRef = BF00E0721C4FEDE700F998AA /* eurofurenceTests.swift */; };
		BF00E07E1C4FEDE700F998AA /* eurofurenceUITests.swift in Sources */ = {isa = PBXBuildFile; fileRef = BF00E07D1C4FEDE700F998AA /* eurofurenceUITests.swift */; };
		BF1530921C73C0AA0085DF4C /* InfoCollectionViewController.swift in Sources */ = {isa = PBXBuildFile; fileRef = BF1530911C73C0AA0085DF4C /* InfoCollectionViewController.swift */; };
		BF1530941C73C0D40085DF4C /* InfoCollectionViewCell.swift in Sources */ = {isa = PBXBuildFile; fileRef = BF1530931C73C0D40085DF4C /* InfoCollectionViewCell.swift */; };
		BF230AD31D4F6EBD00F7E472 /* EventHeaderCellTableViewCell.swift in Sources */ = {isa = PBXBuildFile; fileRef = BF230AD21D4F6EBD00F7E472 /* EventHeaderCellTableViewCell.swift */; };
		BF230AD51D4F9E0B00F7E472 /* SharedFunctions.swift in Sources */ = {isa = PBXBuildFile; fileRef = BF230AD41D4F9E0B00F7E472 /* SharedFunctions.swift */; };
		BF2B01831C7E19BA00499E4B /* NewsTableViewController.swift in Sources */ = {isa = PBXBuildFile; fileRef = BF2B01821C7E19BA00499E4B /* NewsTableViewController.swift */; };
		BF2B01851C7E1BE500499E4B /* NewsTableViewCell.swift in Sources */ = {isa = PBXBuildFile; fileRef = BF2B01841C7E1BE500499E4B /* NewsTableViewCell.swift */; };
		BF2B01871C7E252B00499E4B /* NewsHeaderTableViewCell.swift in Sources */ = {isa = PBXBuildFile; fileRef = BF2B01861C7E252B00499E4B /* NewsHeaderTableViewCell.swift */; };
		BF2B01891C7E2C8800499E4B /* NewsViewController.swift in Sources */ = {isa = PBXBuildFile; fileRef = BF2B01881C7E2C8800499E4B /* NewsViewController.swift */; };
		BF37FFB11D1441BD00F25791 /* Dealer.swift in Sources */ = {isa = PBXBuildFile; fileRef = BF37FFB01D1441BD00F25791 /* Dealer.swift */; };
		BF37FFB41D144A4800F25791 /* DealerTableViewController.swift in Sources */ = {isa = PBXBuildFile; fileRef = BF37FFB31D144A4800F25791 /* DealerTableViewController.swift */; };
		BF3FB3E31C65162D006E2EBB /* EventViewController.swift in Sources */ = {isa = PBXBuildFile; fileRef = BF3FB3E21C65162D006E2EBB /* EventViewController.swift */; };
		BF61C0891C70CFB8005F5C5B /* NetworkHelper.swift in Sources */ = {isa = PBXBuildFile; fileRef = BF61C0881C70CFB8005F5C5B /* NetworkHelper.swift */; };
		BF61C08C1C70E0D2005F5C5B /* ApiManager.swift in Sources */ = {isa = PBXBuildFile; fileRef = BF61C08B1C70E0D2005F5C5B /* ApiManager.swift */; };
		BF61C08E1C70EA56005F5C5B /* ConfigManager.swift in Sources */ = {isa = PBXBuildFile; fileRef = BF61C08D1C70EA56005F5C5B /* ConfigManager.swift */; };
		BF61C0901C70EBBE005F5C5B /* EventEntry.swift in Sources */ = {isa = PBXBuildFile; fileRef = BF61C08F1C70EBBE005F5C5B /* EventEntry.swift */; };
		BF61C0921C70F3A3005F5C5B /* ObjectManager.swift in Sources */ = {isa = PBXBuildFile; fileRef = BF61C0911C70F3A3005F5C5B /* ObjectManager.swift */; };
		BF67807C1C811E0100E8630F /* Endpoint.swift in Sources */ = {isa = PBXBuildFile; fileRef = BF67807B1C811E0100E8630F /* Endpoint.swift */; };
		BF6C4AA81C64C314002D250E /* EventTableViewCell.swift in Sources */ = {isa = PBXBuildFile; fileRef = BF6C4AA71C64C314002D250E /* EventTableViewCell.swift */; };
		BF6C4AAA1C64E11E002D250E /* EventTableViewController.swift in Sources */ = {isa = PBXBuildFile; fileRef = BF6C4AA91C64E11E002D250E /* EventTableViewController.swift */; };
		BF79B08C1D18115D00932B9C /* DealersTableViewCell.swift in Sources */ = {isa = PBXBuildFile; fileRef = BF79B08B1D18115D00932B9C /* DealersTableViewCell.swift */; };
		BF8CC9CD1CD2405800011D09 /* Announcement.swift in Sources */ = {isa = PBXBuildFile; fileRef = BF8CC9CC1CD2405800011D09 /* Announcement.swift */; };
		BF994C6C1C777F5400371862 /* EventConferenceTrack.swift in Sources */ = {isa = PBXBuildFile; fileRef = BF994C6B1C777F5400371862 /* EventConferenceTrack.swift */; };
		BF994C6E1C777F6A00371862 /* EventConferenceDay.swift in Sources */ = {isa = PBXBuildFile; fileRef = BF994C6D1C777F6A00371862 /* EventConferenceDay.swift */; };
		BF994C701C777F7400371862 /* EventConferenceRoom.swift in Sources */ = {isa = PBXBuildFile; fileRef = BF994C6F1C777F7400371862 /* EventConferenceRoom.swift */; };
		BF994C721C777F7C00371862 /* InfoGroup.swift in Sources */ = {isa = PBXBuildFile; fileRef = BF994C711C777F7C00371862 /* InfoGroup.swift */; };
		BF994C741C777F8300371862 /* Info.swift in Sources */ = {isa = PBXBuildFile; fileRef = BF994C731C777F8300371862 /* Info.swift */; };
		BF994C761C778A2200371862 /* Loader.swift in Sources */ = {isa = PBXBuildFile; fileRef = BF994C751C778A2200371862 /* Loader.swift */; };
		BFA2F06F1D588F5000918FF8 /* EventManager.swift in Sources */ = {isa = PBXBuildFile; fileRef = BFA2F06E1D588F5000918FF8 /* EventManager.swift */; };
		BFA6F0DD1D1D5D81007369F4 /* DealerViewController.swift in Sources */ = {isa = PBXBuildFile; fileRef = BFA6F0DC1D1D5D81007369F4 /* DealerViewController.swift */; };
		BFACDCF81CEB08E700977690 /* InfoTableViewController.swift in Sources */ = {isa = PBXBuildFile; fileRef = BFACDCF71CEB08E700977690 /* InfoTableViewController.swift */; };
		BFB1C1DD1D533AEA003306BF /* Map.swift in Sources */ = {isa = PBXBuildFile; fileRef = BFB1C1DC1D533AEA003306BF /* Map.swift */; };
		BFB1C1DF1D535EAB003306BF /* ImageManager.swift in Sources */ = {isa = PBXBuildFile; fileRef = BFB1C1DE1D535EAB003306BF /* ImageManager.swift */; };
		BFCD6C071C90465E009D5C58 /* Tutorial.storyboard in Resources */ = {isa = PBXBuildFile; fileRef = BFCD6C061C90465E009D5C58 /* Tutorial.storyboard */; };
		BFCD6C091C904786009D5C58 /* TutorialPageViewController.swift in Sources */ = {isa = PBXBuildFile; fileRef = BFCD6C081C904786009D5C58 /* TutorialPageViewController.swift */; };
		BFCD6C0B1C907577009D5C58 /* MapTutorialViewController.swift in Sources */ = {isa = PBXBuildFile; fileRef = BFCD6C0A1C907577009D5C58 /* MapTutorialViewController.swift */; };
		BFCD6C0D1C908FD1009D5C58 /* EventCollectionViewController.swift in Sources */ = {isa = PBXBuildFile; fileRef = BFCD6C0C1C908FD1009D5C58 /* EventCollectionViewController.swift */; };
		BFCD6C141C909067009D5C58 /* EventCollectionViewCell.swift in Sources */ = {isa = PBXBuildFile; fileRef = BFCD6C131C909067009D5C58 /* EventCollectionViewCell.swift */; };
		BFCD6C161C9096FC009D5C58 /* EventFilterTableViewController.swift in Sources */ = {isa = PBXBuildFile; fileRef = BFCD6C151C9096FC009D5C58 /* EventFilterTableViewController.swift */; };
		BFD220671C72832D00C98A1E /* MapViewController.swift in Sources */ = {isa = PBXBuildFile; fileRef = BFD220661C72832D00C98A1E /* MapViewController.swift */; };
		BFEC72AD1C8A04C800A0E6BB /* InfoViewController.swift in Sources */ = {isa = PBXBuildFile; fileRef = BFEC72AC1C8A04C800A0E6BB /* InfoViewController.swift */; };
		CD43B6A1F82FA276B8339BB1 /* Pods_eurofurenceUITests.framework in Frameworks */ = {isa = PBXBuildFile; fileRef = 5D5D53B69DEF95B58C22F4E3 /* Pods_eurofurenceUITests.framework */; };
/* End PBXBuildFile section */

/* Begin PBXContainerItemProxy section */
		BF00E06F1C4FEDE700F998AA /* PBXContainerItemProxy */ = {
			isa = PBXContainerItemProxy;
			containerPortal = BF00E0521C4FEDE600F998AA /* Project object */;
			proxyType = 1;
			remoteGlobalIDString = BF00E0591C4FEDE600F998AA;
			remoteInfo = eurofurence;
		};
		BF00E07A1C4FEDE700F998AA /* PBXContainerItemProxy */ = {
			isa = PBXContainerItemProxy;
			containerPortal = BF00E0521C4FEDE600F998AA /* Project object */;
			proxyType = 1;
			remoteGlobalIDString = BF00E0591C4FEDE600F998AA;
			remoteInfo = eurofurence;
		};
/* End PBXContainerItemProxy section */

/* Begin PBXFileReference section */
		189766F0352347C7F8556D83 /* Pods-eurofurence.debug.xcconfig */ = {isa = PBXFileReference; includeInIndex = 1; lastKnownFileType = text.xcconfig; name = "Pods-eurofurence.debug.xcconfig"; path = "Pods/Target Support Files/Pods-eurofurence/Pods-eurofurence.debug.xcconfig"; sourceTree = "<group>"; };
		33C87D0B541CC54B669E6EE1 /* Pods-eurofurenceUITests.debug.xcconfig */ = {isa = PBXFileReference; includeInIndex = 1; lastKnownFileType = text.xcconfig; name = "Pods-eurofurenceUITests.debug.xcconfig"; path = "Pods/Target Support Files/Pods-eurofurenceUITests/Pods-eurofurenceUITests.debug.xcconfig"; sourceTree = "<group>"; };
		5D5D53B69DEF95B58C22F4E3 /* Pods_eurofurenceUITests.framework */ = {isa = PBXFileReference; explicitFileType = wrapper.framework; includeInIndex = 0; path = Pods_eurofurenceUITests.framework; sourceTree = BUILT_PRODUCTS_DIR; };
		6CE2419A176FC2F300B80B20 /* Pods-eurofurence.release.xcconfig */ = {isa = PBXFileReference; includeInIndex = 1; lastKnownFileType = text.xcconfig; name = "Pods-eurofurence.release.xcconfig"; path = "Pods/Target Support Files/Pods-eurofurence/Pods-eurofurence.release.xcconfig"; sourceTree = "<group>"; };
		9A35AEEB1D58FC1800ECFD0F /* Markdown.swift */ = {isa = PBXFileReference; fileEncoding = 4; lastKnownFileType = sourcecode.swift; path = Markdown.swift; sourceTree = "<group>"; };
		9A458BBE1D562E4B00CA9C49 /* CountryAlpha3Converter.swift */ = {isa = PBXFileReference; fileEncoding = 4; lastKnownFileType = sourcecode.swift; path = CountryAlpha3Converter.swift; sourceTree = "<group>"; };
		9A458BC01D56A29100CA9C49 /* MapEntry.swift */ = {isa = PBXFileReference; fileEncoding = 4; lastKnownFileType = sourcecode.swift; path = MapEntry.swift; sourceTree = "<group>"; };
		9A6101911D59BD5800A7B3CF /* WikiText.swift */ = {isa = PBXFileReference; fileEncoding = 4; lastKnownFileType = sourcecode.swift; path = WikiText.swift; sourceTree = "<group>"; };
		9A8AEA501D526754004A17E3 /* RoutingAppChooser.swift */ = {isa = PBXFileReference; fileEncoding = 4; lastKnownFileType = sourcecode.swift; path = RoutingAppChooser.swift; sourceTree = "<group>"; };
		AC2E61ED963D8B69D0386AE9 /* Pods-eurofurenceUITests.release.xcconfig */ = {isa = PBXFileReference; includeInIndex = 1; lastKnownFileType = text.xcconfig; name = "Pods-eurofurenceUITests.release.xcconfig"; path = "Pods/Target Support Files/Pods-eurofurenceUITests/Pods-eurofurenceUITests.release.xcconfig"; sourceTree = "<group>"; };
		BF006C4C1CD3B299006F5871 /* InfosTutorialViewController.swift */ = {isa = PBXFileReference; fileEncoding = 4; lastKnownFileType = sourcecode.swift; path = InfosTutorialViewController.swift; sourceTree = "<group>"; };
		BF00E05A1C4FEDE600F998AA /* Eurofurence.app */ = {isa = PBXFileReference; explicitFileType = wrapper.application; includeInIndex = 0; path = Eurofurence.app; sourceTree = BUILT_PRODUCTS_DIR; };
		BF00E05D1C4FEDE600F998AA /* AppDelegate.swift */ = {isa = PBXFileReference; lastKnownFileType = sourcecode.swift; path = AppDelegate.swift; sourceTree = "<group>"; };
		BF00E05F1C4FEDE600F998AA /* ViewController.swift */ = {isa = PBXFileReference; lastKnownFileType = sourcecode.swift; path = ViewController.swift; sourceTree = "<group>"; };
		BF00E0621C4FEDE700F998AA /* Base */ = {isa = PBXFileReference; lastKnownFileType = file.storyboard; name = Base; path = Base.lproj/Main.storyboard; sourceTree = "<group>"; };
		BF00E0641C4FEDE700F998AA /* Assets.xcassets */ = {isa = PBXFileReference; lastKnownFileType = folder.assetcatalog; path = Assets.xcassets; sourceTree = "<group>"; };
		BF00E0671C4FEDE700F998AA /* Base */ = {isa = PBXFileReference; lastKnownFileType = file.storyboard; name = Base; path = Base.lproj/LaunchScreen.storyboard; sourceTree = "<group>"; };
		BF00E0691C4FEDE700F998AA /* Info.plist */ = {isa = PBXFileReference; lastKnownFileType = text.plist.xml; path = Info.plist; sourceTree = "<group>"; };
		BF00E06E1C4FEDE700F998AA /* eurofurence.temp_caseinsensitive_rename.temp_caseinsensitive_rename.xctest */ = {isa = PBXFileReference; explicitFileType = wrapper.cfbundle; includeInIndex = 0; path = eurofurence.temp_caseinsensitive_rename.temp_caseinsensitive_rename.xctest; sourceTree = BUILT_PRODUCTS_DIR; };
		BF00E0721C4FEDE700F998AA /* eurofurenceTests.swift */ = {isa = PBXFileReference; lastKnownFileType = sourcecode.swift; path = eurofurenceTests.swift; sourceTree = "<group>"; };
		BF00E0741C4FEDE700F998AA /* Info.plist */ = {isa = PBXFileReference; lastKnownFileType = text.plist.xml; path = Info.plist; sourceTree = "<group>"; };
		BF00E0791C4FEDE700F998AA /* eurofurence.temp_caseinsensitive_rename.temp_caseinsensitive_rename.xctest */ = {isa = PBXFileReference; explicitFileType = wrapper.cfbundle; includeInIndex = 0; path = eurofurence.temp_caseinsensitive_rename.temp_caseinsensitive_rename.xctest; sourceTree = BUILT_PRODUCTS_DIR; };
		BF00E07D1C4FEDE700F998AA /* eurofurenceUITests.swift */ = {isa = PBXFileReference; lastKnownFileType = sourcecode.swift; path = eurofurenceUITests.swift; sourceTree = "<group>"; };
		BF00E07F1C4FEDE700F998AA /* Info.plist */ = {isa = PBXFileReference; lastKnownFileType = text.plist.xml; path = Info.plist; sourceTree = "<group>"; };
		BF1530911C73C0AA0085DF4C /* InfoCollectionViewController.swift */ = {isa = PBXFileReference; fileEncoding = 4; lastKnownFileType = sourcecode.swift; path = InfoCollectionViewController.swift; sourceTree = "<group>"; };
		BF1530931C73C0D40085DF4C /* InfoCollectionViewCell.swift */ = {isa = PBXFileReference; fileEncoding = 4; lastKnownFileType = sourcecode.swift; path = InfoCollectionViewCell.swift; sourceTree = "<group>"; };
		BF230AD21D4F6EBD00F7E472 /* EventHeaderCellTableViewCell.swift */ = {isa = PBXFileReference; fileEncoding = 4; lastKnownFileType = sourcecode.swift; path = EventHeaderCellTableViewCell.swift; sourceTree = "<group>"; };
		BF230AD41D4F9E0B00F7E472 /* SharedFunctions.swift */ = {isa = PBXFileReference; fileEncoding = 4; lastKnownFileType = sourcecode.swift; path = SharedFunctions.swift; sourceTree = "<group>"; };
		BF2B01821C7E19BA00499E4B /* NewsTableViewController.swift */ = {isa = PBXFileReference; fileEncoding = 4; lastKnownFileType = sourcecode.swift; path = NewsTableViewController.swift; sourceTree = "<group>"; };
		BF2B01841C7E1BE500499E4B /* NewsTableViewCell.swift */ = {isa = PBXFileReference; fileEncoding = 4; lastKnownFileType = sourcecode.swift; path = NewsTableViewCell.swift; sourceTree = "<group>"; };
		BF2B01861C7E252B00499E4B /* NewsHeaderTableViewCell.swift */ = {isa = PBXFileReference; fileEncoding = 4; lastKnownFileType = sourcecode.swift; path = NewsHeaderTableViewCell.swift; sourceTree = "<group>"; };
		BF2B01881C7E2C8800499E4B /* NewsViewController.swift */ = {isa = PBXFileReference; fileEncoding = 4; lastKnownFileType = sourcecode.swift; path = NewsViewController.swift; sourceTree = "<group>"; };
		BF37FFB01D1441BD00F25791 /* Dealer.swift */ = {isa = PBXFileReference; fileEncoding = 4; lastKnownFileType = sourcecode.swift; path = Dealer.swift; sourceTree = "<group>"; };
		BF37FFB31D144A4800F25791 /* DealerTableViewController.swift */ = {isa = PBXFileReference; fileEncoding = 4; lastKnownFileType = sourcecode.swift; path = DealerTableViewController.swift; sourceTree = "<group>"; };
		BF3FB3E21C65162D006E2EBB /* EventViewController.swift */ = {isa = PBXFileReference; fileEncoding = 4; lastKnownFileType = sourcecode.swift; path = EventViewController.swift; sourceTree = "<group>"; };
		BF61C0881C70CFB8005F5C5B /* NetworkHelper.swift */ = {isa = PBXFileReference; fileEncoding = 4; lastKnownFileType = sourcecode.swift; path = NetworkHelper.swift; sourceTree = "<group>"; };
		BF61C08B1C70E0D2005F5C5B /* ApiManager.swift */ = {isa = PBXFileReference; fileEncoding = 4; lastKnownFileType = sourcecode.swift; path = ApiManager.swift; sourceTree = "<group>"; };
		BF61C08D1C70EA56005F5C5B /* ConfigManager.swift */ = {isa = PBXFileReference; fileEncoding = 4; lastKnownFileType = sourcecode.swift; path = ConfigManager.swift; sourceTree = "<group>"; };
		BF61C08F1C70EBBE005F5C5B /* EventEntry.swift */ = {isa = PBXFileReference; fileEncoding = 4; lastKnownFileType = sourcecode.swift; path = EventEntry.swift; sourceTree = "<group>"; };
		BF61C0911C70F3A3005F5C5B /* ObjectManager.swift */ = {isa = PBXFileReference; fileEncoding = 4; lastKnownFileType = sourcecode.swift; path = ObjectManager.swift; sourceTree = "<group>"; };
		BF67807B1C811E0100E8630F /* Endpoint.swift */ = {isa = PBXFileReference; fileEncoding = 4; lastKnownFileType = sourcecode.swift; path = Endpoint.swift; sourceTree = "<group>"; };
		BF6C4AA71C64C314002D250E /* EventTableViewCell.swift */ = {isa = PBXFileReference; fileEncoding = 4; lastKnownFileType = sourcecode.swift; path = EventTableViewCell.swift; sourceTree = "<group>"; };
		BF6C4AA91C64E11E002D250E /* EventTableViewController.swift */ = {isa = PBXFileReference; fileEncoding = 4; lastKnownFileType = sourcecode.swift; path = EventTableViewController.swift; sourceTree = "<group>"; };
		BF79B08B1D18115D00932B9C /* DealersTableViewCell.swift */ = {isa = PBXFileReference; fileEncoding = 4; lastKnownFileType = sourcecode.swift; path = DealersTableViewCell.swift; sourceTree = "<group>"; };
		BF8CC9CC1CD2405800011D09 /* Announcement.swift */ = {isa = PBXFileReference; fileEncoding = 4; lastKnownFileType = sourcecode.swift; path = Announcement.swift; sourceTree = "<group>"; };
		BF994C6B1C777F5400371862 /* EventConferenceTrack.swift */ = {isa = PBXFileReference; fileEncoding = 4; lastKnownFileType = sourcecode.swift; path = EventConferenceTrack.swift; sourceTree = "<group>"; };
		BF994C6D1C777F6A00371862 /* EventConferenceDay.swift */ = {isa = PBXFileReference; fileEncoding = 4; lastKnownFileType = sourcecode.swift; path = EventConferenceDay.swift; sourceTree = "<group>"; };
		BF994C6F1C777F7400371862 /* EventConferenceRoom.swift */ = {isa = PBXFileReference; fileEncoding = 4; lastKnownFileType = sourcecode.swift; path = EventConferenceRoom.swift; sourceTree = "<group>"; };
		BF994C711C777F7C00371862 /* InfoGroup.swift */ = {isa = PBXFileReference; fileEncoding = 4; lastKnownFileType = sourcecode.swift; path = InfoGroup.swift; sourceTree = "<group>"; };
		BF994C731C777F8300371862 /* Info.swift */ = {isa = PBXFileReference; fileEncoding = 4; lastKnownFileType = sourcecode.swift; path = Info.swift; sourceTree = "<group>"; };
		BF994C751C778A2200371862 /* Loader.swift */ = {isa = PBXFileReference; fileEncoding = 4; lastKnownFileType = sourcecode.swift; path = Loader.swift; sourceTree = "<group>"; };
		BFA2F06E1D588F5000918FF8 /* EventManager.swift */ = {isa = PBXFileReference; fileEncoding = 4; lastKnownFileType = sourcecode.swift; path = EventManager.swift; sourceTree = "<group>"; };
		BFA6F0DC1D1D5D81007369F4 /* DealerViewController.swift */ = {isa = PBXFileReference; fileEncoding = 4; lastKnownFileType = sourcecode.swift; path = DealerViewController.swift; sourceTree = "<group>"; };
		BFACDCF71CEB08E700977690 /* InfoTableViewController.swift */ = {isa = PBXFileReference; fileEncoding = 4; lastKnownFileType = sourcecode.swift; path = InfoTableViewController.swift; sourceTree = "<group>"; };
		BFB1C1DC1D533AEA003306BF /* Map.swift */ = {isa = PBXFileReference; fileEncoding = 4; lastKnownFileType = sourcecode.swift; path = Map.swift; sourceTree = "<group>"; };
		BFB1C1DE1D535EAB003306BF /* ImageManager.swift */ = {isa = PBXFileReference; fileEncoding = 4; lastKnownFileType = sourcecode.swift; path = ImageManager.swift; sourceTree = "<group>"; };
		BFCD6C061C90465E009D5C58 /* Tutorial.storyboard */ = {isa = PBXFileReference; fileEncoding = 4; lastKnownFileType = file.storyboard; path = Tutorial.storyboard; sourceTree = "<group>"; };
		BFCD6C081C904786009D5C58 /* TutorialPageViewController.swift */ = {isa = PBXFileReference; fileEncoding = 4; lastKnownFileType = sourcecode.swift; path = TutorialPageViewController.swift; sourceTree = "<group>"; };
		BFCD6C0A1C907577009D5C58 /* MapTutorialViewController.swift */ = {isa = PBXFileReference; fileEncoding = 4; lastKnownFileType = sourcecode.swift; path = MapTutorialViewController.swift; sourceTree = "<group>"; };
		BFCD6C0C1C908FD1009D5C58 /* EventCollectionViewController.swift */ = {isa = PBXFileReference; fileEncoding = 4; lastKnownFileType = sourcecode.swift; path = EventCollectionViewController.swift; sourceTree = "<group>"; };
		BFCD6C131C909067009D5C58 /* EventCollectionViewCell.swift */ = {isa = PBXFileReference; fileEncoding = 4; lastKnownFileType = sourcecode.swift; path = EventCollectionViewCell.swift; sourceTree = "<group>"; };
		BFCD6C151C9096FC009D5C58 /* EventFilterTableViewController.swift */ = {isa = PBXFileReference; fileEncoding = 4; lastKnownFileType = sourcecode.swift; path = EventFilterTableViewController.swift; sourceTree = "<group>"; };
		BFD220661C72832D00C98A1E /* MapViewController.swift */ = {isa = PBXFileReference; fileEncoding = 4; lastKnownFileType = sourcecode.swift; path = MapViewController.swift; sourceTree = "<group>"; };
		BFEC72AC1C8A04C800A0E6BB /* InfoViewController.swift */ = {isa = PBXFileReference; fileEncoding = 4; lastKnownFileType = sourcecode.swift; path = InfoViewController.swift; sourceTree = "<group>"; };
		C5EC644872E2106E173C2C16 /* Pods_eurofurence.framework */ = {isa = PBXFileReference; explicitFileType = wrapper.framework; includeInIndex = 0; path = Pods_eurofurence.framework; sourceTree = BUILT_PRODUCTS_DIR; };
		D73BA5B6FD1C8343C67F82E5 /* Pods-eurofurenceTests.release.xcconfig */ = {isa = PBXFileReference; includeInIndex = 1; lastKnownFileType = text.xcconfig; name = "Pods-eurofurenceTests.release.xcconfig"; path = "Pods/Target Support Files/Pods-eurofurenceTests/Pods-eurofurenceTests.release.xcconfig"; sourceTree = "<group>"; };
		E1675ABCE261AEC093023EE1 /* Pods_eurofurenceTests.framework */ = {isa = PBXFileReference; explicitFileType = wrapper.framework; includeInIndex = 0; path = Pods_eurofurenceTests.framework; sourceTree = BUILT_PRODUCTS_DIR; };
		FA015421B66B83E5C87903A1 /* Pods-eurofurenceTests.debug.xcconfig */ = {isa = PBXFileReference; includeInIndex = 1; lastKnownFileType = text.xcconfig; name = "Pods-eurofurenceTests.debug.xcconfig"; path = "Pods/Target Support Files/Pods-eurofurenceTests/Pods-eurofurenceTests.debug.xcconfig"; sourceTree = "<group>"; };
/* End PBXFileReference section */

/* Begin PBXFrameworksBuildPhase section */
		BF00E0571C4FEDE600F998AA /* Frameworks */ = {
			isa = PBXFrameworksBuildPhase;
			buildActionMask = 2147483647;
			files = (
				89B2D70FFCCF379DFDAF9590 /* Pods_eurofurence.framework in Frameworks */,
			);
			runOnlyForDeploymentPostprocessing = 0;
		};
		BF00E06B1C4FEDE700F998AA /* Frameworks */ = {
			isa = PBXFrameworksBuildPhase;
			buildActionMask = 2147483647;
			files = (
				96DC52F6D1E8C83049BB76F9 /* Pods_eurofurenceTests.framework in Frameworks */,
			);
			runOnlyForDeploymentPostprocessing = 0;
		};
		BF00E0761C4FEDE700F998AA /* Frameworks */ = {
			isa = PBXFrameworksBuildPhase;
			buildActionMask = 2147483647;
			files = (
				CD43B6A1F82FA276B8339BB1 /* Pods_eurofurenceUITests.framework in Frameworks */,
			);
			runOnlyForDeploymentPostprocessing = 0;
		};
/* End PBXFrameworksBuildPhase section */

/* Begin PBXGroup section */
		802F8417AD85E592B12E1A4B /* Pods */ = {
			isa = PBXGroup;
			children = (
				189766F0352347C7F8556D83 /* Pods-eurofurence.debug.xcconfig */,
				6CE2419A176FC2F300B80B20 /* Pods-eurofurence.release.xcconfig */,
				FA015421B66B83E5C87903A1 /* Pods-eurofurenceTests.debug.xcconfig */,
				D73BA5B6FD1C8343C67F82E5 /* Pods-eurofurenceTests.release.xcconfig */,
				33C87D0B541CC54B669E6EE1 /* Pods-eurofurenceUITests.debug.xcconfig */,
				AC2E61ED963D8B69D0386AE9 /* Pods-eurofurenceUITests.release.xcconfig */,
			);
			name = Pods;
			sourceTree = "<group>";
		};
		B5B1F18A6F9F05F095E5D8DC /* Frameworks */ = {
			isa = PBXGroup;
			children = (
				C5EC644872E2106E173C2C16 /* Pods_eurofurence.framework */,
				E1675ABCE261AEC093023EE1 /* Pods_eurofurenceTests.framework */,
				5D5D53B69DEF95B58C22F4E3 /* Pods_eurofurenceUITests.framework */,
			);
			name = Frameworks;
			sourceTree = "<group>";
		};
		BF00E0511C4FEDE600F998AA = {
			isa = PBXGroup;
			children = (
				BF00E05C1C4FEDE600F998AA /* eurofurence */,
				BF00E0711C4FEDE700F998AA /* eurofurenceTests */,
				BF00E07C1C4FEDE700F998AA /* eurofurenceUITests */,
				BF00E05B1C4FEDE600F998AA /* Products */,
				802F8417AD85E592B12E1A4B /* Pods */,
				B5B1F18A6F9F05F095E5D8DC /* Frameworks */,
			);
			sourceTree = "<group>";
		};
		BF00E05B1C4FEDE600F998AA /* Products */ = {
			isa = PBXGroup;
			children = (
				BF00E05A1C4FEDE600F998AA /* Eurofurence.app */,
				BF00E06E1C4FEDE700F998AA /* eurofurence.temp_caseinsensitive_rename.temp_caseinsensitive_rename.xctest */,
				BF00E0791C4FEDE700F998AA /* eurofurence.temp_caseinsensitive_rename.temp_caseinsensitive_rename.xctest */,
			);
			name = Products;
			sourceTree = "<group>";
		};
		BF00E05C1C4FEDE600F998AA /* eurofurence */ = {
			isa = PBXGroup;
			children = (
				BF3CCAA01C64BB3D0025A14E /* helpers */,
				BF3CCA9F1C64BB2A0025A14E /* controller */,
				BF3CCA9E1C64BB220025A14E /* views */,
				BF3CCA9D1C64BB190025A14E /* models */,
				BF00E05D1C4FEDE600F998AA /* AppDelegate.swift */,
				BF00E05F1C4FEDE600F998AA /* ViewController.swift */,
				BF00E0641C4FEDE700F998AA /* Assets.xcassets */,
				BF00E0691C4FEDE700F998AA /* Info.plist */,
			);
			path = eurofurence;
			sourceTree = "<group>";
		};
		BF00E0711C4FEDE700F998AA /* eurofurenceTests */ = {
			isa = PBXGroup;
			children = (
				BF00E0721C4FEDE700F998AA /* eurofurenceTests.swift */,
				BF00E0741C4FEDE700F998AA /* Info.plist */,
			);
			path = eurofurenceTests;
			sourceTree = "<group>";
		};
		BF00E07C1C4FEDE700F998AA /* eurofurenceUITests */ = {
			isa = PBXGroup;
			children = (
				BF00E07D1C4FEDE700F998AA /* eurofurenceUITests.swift */,
				BF00E07F1C4FEDE700F998AA /* Info.plist */,
			);
			path = eurofurenceUITests;
			sourceTree = "<group>";
		};
		BF37FFB21D144A3200F25791 /* Dealer */ = {
			isa = PBXGroup;
			children = (
				BF37FFB31D144A4800F25791 /* DealerTableViewController.swift */,
				BFA6F0DC1D1D5D81007369F4 /* DealerViewController.swift */,
			);
			name = Dealer;
			sourceTree = "<group>";
		};
		BF3CCA9D1C64BB190025A14E /* models */ = {
			isa = PBXGroup;
			children = (
				BF61C08F1C70EBBE005F5C5B /* EventEntry.swift */,
				BF994C6B1C777F5400371862 /* EventConferenceTrack.swift */,
				BF994C6D1C777F6A00371862 /* EventConferenceDay.swift */,
				BF994C6F1C777F7400371862 /* EventConferenceRoom.swift */,
				BF994C711C777F7C00371862 /* InfoGroup.swift */,
				BF994C731C777F8300371862 /* Info.swift */,
				BF67807B1C811E0100E8630F /* Endpoint.swift */,
				BF8CC9CC1CD2405800011D09 /* Announcement.swift */,
				BF37FFB01D1441BD00F25791 /* Dealer.swift */,
				BFB1C1DC1D533AEA003306BF /* Map.swift */,
				9A458BC01D56A29100CA9C49 /* MapEntry.swift */,
			);
			name = models;
			sourceTree = "<group>";
		};
		BF3CCA9E1C64BB220025A14E /* views */ = {
			isa = PBXGroup;
			children = (
				BF00E0661C4FEDE700F998AA /* LaunchScreen.storyboard */,
				BF6C4AA61C64C2AC002D250E /* cells */,
				BF00E0611C4FEDE700F998AA /* Main.storyboard */,
				BFCD6C061C90465E009D5C58 /* Tutorial.storyboard */,
			);
			name = views;
			sourceTree = "<group>";
		};
		BF3CCA9F1C64BB2A0025A14E /* controller */ = {
			isa = PBXGroup;
			children = (
				BF37FFB21D144A3200F25791 /* Dealer */,
				BFCD6C121C909019009D5C58 /* Info */,
				BFCD6C111C908FFB009D5C58 /* Tutorial */,
				BFCD6C101C908FF7009D5C58 /* Map */,
				BFCD6C0F1C908FF1009D5C58 /* News */,
				BFCD6C0E1C908FEC009D5C58 /* Event */,
			);
			name = controller;
			sourceTree = "<group>";
		};
		BF3CCAA01C64BB3D0025A14E /* helpers */ = {
			isa = PBXGroup;
			children = (
				BFA2F06E1D588F5000918FF8 /* EventManager.swift */,
				BF61C08B1C70E0D2005F5C5B /* ApiManager.swift */,
				BF61C0881C70CFB8005F5C5B /* NetworkHelper.swift */,
				BF61C08D1C70EA56005F5C5B /* ConfigManager.swift */,
				BF61C0911C70F3A3005F5C5B /* ObjectManager.swift */,
				BF994C751C778A2200371862 /* Loader.swift */,
				BF230AD41D4F9E0B00F7E472 /* SharedFunctions.swift */,
				BFB1C1DE1D535EAB003306BF /* ImageManager.swift */,
				9A8AEA501D526754004A17E3 /* RoutingAppChooser.swift */,
				9A458BBE1D562E4B00CA9C49 /* CountryAlpha3Converter.swift */,
				9A35AEEB1D58FC1800ECFD0F /* Markdown.swift */,
				9A6101911D59BD5800A7B3CF /* WikiText.swift */,
			);
			name = helpers;
			sourceTree = "<group>";
		};
		BF6C4AA61C64C2AC002D250E /* cells */ = {
			isa = PBXGroup;
			children = (
				BF6C4AA71C64C314002D250E /* EventTableViewCell.swift */,
				BF1530931C73C0D40085DF4C /* InfoCollectionViewCell.swift */,
				BF2B01841C7E1BE500499E4B /* NewsTableViewCell.swift */,
				BF2B01861C7E252B00499E4B /* NewsHeaderTableViewCell.swift */,
				BFCD6C131C909067009D5C58 /* EventCollectionViewCell.swift */,
				BF79B08B1D18115D00932B9C /* DealersTableViewCell.swift */,
				BF230AD21D4F6EBD00F7E472 /* EventHeaderCellTableViewCell.swift */,
			);
			name = cells;
			sourceTree = "<group>";
		};
		BFCD6C0E1C908FEC009D5C58 /* Event */ = {
			isa = PBXGroup;
			children = (
				BF6C4AA91C64E11E002D250E /* EventTableViewController.swift */,
				BF3FB3E21C65162D006E2EBB /* EventViewController.swift */,
				BFCD6C0C1C908FD1009D5C58 /* EventCollectionViewController.swift */,
				BFCD6C151C9096FC009D5C58 /* EventFilterTableViewController.swift */,
			);
			name = Event;
			sourceTree = "<group>";
		};
		BFCD6C0F1C908FF1009D5C58 /* News */ = {
			isa = PBXGroup;
			children = (
				BF2B01821C7E19BA00499E4B /* NewsTableViewController.swift */,
				BF2B01881C7E2C8800499E4B /* NewsViewController.swift */,
			);
			name = News;
			sourceTree = "<group>";
		};
		BFCD6C101C908FF7009D5C58 /* Map */ = {
			isa = PBXGroup;
			children = (
				BFD220661C72832D00C98A1E /* MapViewController.swift */,
			);
			name = Map;
			sourceTree = "<group>";
		};
		BFCD6C111C908FFB009D5C58 /* Tutorial */ = {
			isa = PBXGroup;
			children = (
				BFCD6C081C904786009D5C58 /* TutorialPageViewController.swift */,
				BFCD6C0A1C907577009D5C58 /* MapTutorialViewController.swift */,
				BF006C4C1CD3B299006F5871 /* InfosTutorialViewController.swift */,
			);
			name = Tutorial;
			sourceTree = "<group>";
		};
		BFCD6C121C909019009D5C58 /* Info */ = {
			isa = PBXGroup;
			children = (
				BF1530911C73C0AA0085DF4C /* InfoCollectionViewController.swift */,
				BFEC72AC1C8A04C800A0E6BB /* InfoViewController.swift */,
				BFACDCF71CEB08E700977690 /* InfoTableViewController.swift */,
			);
			name = Info;
			sourceTree = "<group>";
		};
/* End PBXGroup section */

/* Begin PBXNativeTarget section */
		BF00E0591C4FEDE600F998AA /* eurofurence */ = {
			isa = PBXNativeTarget;
			buildConfigurationList = BF00E0821C4FEDE700F998AA /* Build configuration list for PBXNativeTarget "eurofurence" */;
			buildPhases = (
				6D507ABE44896470EADB3461 /* [CP] Check Pods Manifest.lock */,
				BF00E0561C4FEDE600F998AA /* Sources */,
				BF00E0571C4FEDE600F998AA /* Frameworks */,
				BFB2FB201D0ABD7800A5CF44 /* ShellScript */,
				BF00E0581C4FEDE600F998AA /* Resources */,
				BF7EAE1B1C74A91500A3F7D2 /* ShellScript */,
				5E618AB929A55897FA5706E2 /* [CP] Embed Pods Frameworks */,
				B835C410307703CA640082B9 /* [CP] Copy Pods Resources */,
			);
			buildRules = (
			);
			dependencies = (
			);
			name = eurofurence;
			productName = eurofurence;
			productReference = BF00E05A1C4FEDE600F998AA /* Eurofurence.app */;
			productType = "com.apple.product-type.application";
		};
		BF00E06D1C4FEDE700F998AA /* eurofurenceTests */ = {
			isa = PBXNativeTarget;
			buildConfigurationList = BF00E0851C4FEDE700F998AA /* Build configuration list for PBXNativeTarget "eurofurenceTests" */;
			buildPhases = (
				DBB9402C676582A52DB2FAAA /* [CP] Check Pods Manifest.lock */,
				BF00E06A1C4FEDE700F998AA /* Sources */,
				BF00E06B1C4FEDE700F998AA /* Frameworks */,
				BF00E06C1C4FEDE700F998AA /* Resources */,
				F8812E9014C87C34D752FEB4 /* [CP] Embed Pods Frameworks */,
				0FFBD4FC228717CB46EF42D8 /* [CP] Copy Pods Resources */,
			);
			buildRules = (
			);
			dependencies = (
				BF00E0701C4FEDE700F998AA /* PBXTargetDependency */,
			);
			name = eurofurenceTests;
			productName = eurofurenceTests;
			productReference = BF00E06E1C4FEDE700F998AA /* eurofurence.temp_caseinsensitive_rename.temp_caseinsensitive_rename.xctest */;
			productType = "com.apple.product-type.bundle.unit-test";
		};
		BF00E0781C4FEDE700F998AA /* eurofurenceUITests */ = {
			isa = PBXNativeTarget;
			buildConfigurationList = BF00E0881C4FEDE700F998AA /* Build configuration list for PBXNativeTarget "eurofurenceUITests" */;
			buildPhases = (
				9B06EC1A96C15ED9941B3965 /* [CP] Check Pods Manifest.lock */,
				BF00E0751C4FEDE700F998AA /* Sources */,
				BF00E0761C4FEDE700F998AA /* Frameworks */,
				BF00E0771C4FEDE700F998AA /* Resources */,
				2813B613DA8C3434B7BC060B /* [CP] Copy Pods Resources */,
			);
			buildRules = (
			);
			dependencies = (
				BF00E07B1C4FEDE700F998AA /* PBXTargetDependency */,
			);
			name = eurofurenceUITests;
			productName = eurofurenceUITests;
			productReference = BF00E0791C4FEDE700F998AA /* eurofurence.temp_caseinsensitive_rename.temp_caseinsensitive_rename.xctest */;
			productType = "com.apple.product-type.bundle.ui-testing";
		};
/* End PBXNativeTarget section */

/* Begin PBXProject section */
		BF00E0521C4FEDE600F998AA /* Project object */ = {
			isa = PBXProject;
			attributes = {
				LastSwiftUpdateCheck = 0720;
				LastUpgradeCheck = 0720;
				ORGANIZATIONNAME = eurofurence;
				TargetAttributes = {
					BF00E0591C4FEDE600F998AA = {
						CreatedOnToolsVersion = 7.2;
						DevelopmentTeam = 557SGQG5H4;
					};
					BF00E06D1C4FEDE700F998AA = {
						CreatedOnToolsVersion = 7.2;
						TestTargetID = BF00E0591C4FEDE600F998AA;
					};
					BF00E0781C4FEDE700F998AA = {
						CreatedOnToolsVersion = 7.2;
						TestTargetID = BF00E0591C4FEDE600F998AA;
					};
				};
			};
			buildConfigurationList = BF00E0551C4FEDE600F998AA /* Build configuration list for PBXProject "eurofurence" */;
			compatibilityVersion = "Xcode 3.2";
			developmentRegion = English;
			hasScannedForEncodings = 0;
			knownRegions = (
				en,
				Base,
			);
			mainGroup = BF00E0511C4FEDE600F998AA;
			productRefGroup = BF00E05B1C4FEDE600F998AA /* Products */;
			projectDirPath = "";
			projectRoot = "";
			targets = (
				BF00E0591C4FEDE600F998AA /* eurofurence */,
				BF00E06D1C4FEDE700F998AA /* eurofurenceTests */,
				BF00E0781C4FEDE700F998AA /* eurofurenceUITests */,
			);
		};
/* End PBXProject section */

/* Begin PBXResourcesBuildPhase section */
		BF00E0581C4FEDE600F998AA /* Resources */ = {
			isa = PBXResourcesBuildPhase;
			buildActionMask = 2147483647;
			files = (
				BF00E0681C4FEDE700F998AA /* LaunchScreen.storyboard in Resources */,
				BF00E0651C4FEDE700F998AA /* Assets.xcassets in Resources */,
				BFCD6C071C90465E009D5C58 /* Tutorial.storyboard in Resources */,
				BF00E0631C4FEDE700F998AA /* Main.storyboard in Resources */,
			);
			runOnlyForDeploymentPostprocessing = 0;
		};
		BF00E06C1C4FEDE700F998AA /* Resources */ = {
			isa = PBXResourcesBuildPhase;
			buildActionMask = 2147483647;
			files = (
			);
			runOnlyForDeploymentPostprocessing = 0;
		};
		BF00E0771C4FEDE700F998AA /* Resources */ = {
			isa = PBXResourcesBuildPhase;
			buildActionMask = 2147483647;
			files = (
			);
			runOnlyForDeploymentPostprocessing = 0;
		};
/* End PBXResourcesBuildPhase section */

/* Begin PBXShellScriptBuildPhase section */
		0FFBD4FC228717CB46EF42D8 /* [CP] Copy Pods Resources */ = {
			isa = PBXShellScriptBuildPhase;
			buildActionMask = 2147483647;
			files = (
			);
			inputPaths = (
			);
			name = "[CP] Copy Pods Resources";
			outputPaths = (
			);
			runOnlyForDeploymentPostprocessing = 0;
			shellPath = /bin/sh;
			shellScript = "\"${SRCROOT}/Pods/Target Support Files/Pods-eurofurenceTests/Pods-eurofurenceTests-resources.sh\"\n";
			showEnvVarsInLog = 0;
		};
		2813B613DA8C3434B7BC060B /* [CP] Copy Pods Resources */ = {
			isa = PBXShellScriptBuildPhase;
			buildActionMask = 2147483647;
			files = (
			);
			inputPaths = (
			);
			name = "[CP] Copy Pods Resources";
			outputPaths = (
			);
			runOnlyForDeploymentPostprocessing = 0;
			shellPath = /bin/sh;
			shellScript = "\"${SRCROOT}/Pods/Target Support Files/Pods-eurofurenceUITests/Pods-eurofurenceUITests-resources.sh\"\n";
			showEnvVarsInLog = 0;
		};
		5E618AB929A55897FA5706E2 /* [CP] Embed Pods Frameworks */ = {
			isa = PBXShellScriptBuildPhase;
			buildActionMask = 2147483647;
			files = (
			);
			inputPaths = (
			);
			name = "[CP] Embed Pods Frameworks";
			outputPaths = (
			);
			runOnlyForDeploymentPostprocessing = 0;
			shellPath = /bin/sh;
			shellScript = "\"${SRCROOT}/Pods/Target Support Files/Pods-eurofurence/Pods-eurofurence-frameworks.sh\"\n";
			showEnvVarsInLog = 0;
		};
		6D507ABE44896470EADB3461 /* [CP] Check Pods Manifest.lock */ = {
			isa = PBXShellScriptBuildPhase;
			buildActionMask = 2147483647;
			files = (
			);
			inputPaths = (
			);
			name = "[CP] Check Pods Manifest.lock";
			outputPaths = (
			);
			runOnlyForDeploymentPostprocessing = 0;
			shellPath = /bin/sh;
			shellScript = "diff \"${PODS_ROOT}/../Podfile.lock\" \"${PODS_ROOT}/Manifest.lock\" > /dev/null\nif [[ $? != 0 ]] ; then\n    cat << EOM\nerror: The sandbox is not in sync with the Podfile.lock. Run 'pod install' or update your CocoaPods installation.\nEOM\n    exit 1\nfi\n";
			showEnvVarsInLog = 0;
		};
		9B06EC1A96C15ED9941B3965 /* [CP] Check Pods Manifest.lock */ = {
			isa = PBXShellScriptBuildPhase;
			buildActionMask = 2147483647;
			files = (
			);
			inputPaths = (
			);
			name = "[CP] Check Pods Manifest.lock";
			outputPaths = (
			);
			runOnlyForDeploymentPostprocessing = 0;
			shellPath = /bin/sh;
			shellScript = "diff \"${PODS_ROOT}/../Podfile.lock\" \"${PODS_ROOT}/Manifest.lock\" > /dev/null\nif [[ $? != 0 ]] ; then\n    cat << EOM\nerror: The sandbox is not in sync with the Podfile.lock. Run 'pod install' or update your CocoaPods installation.\nEOM\n    exit 1\nfi\n";
			showEnvVarsInLog = 0;
		};
		B835C410307703CA640082B9 /* [CP] Copy Pods Resources */ = {
			isa = PBXShellScriptBuildPhase;
			buildActionMask = 2147483647;
			files = (
			);
			inputPaths = (
			);
			name = "[CP] Copy Pods Resources";
			outputPaths = (
			);
			runOnlyForDeploymentPostprocessing = 0;
			shellPath = /bin/sh;
			shellScript = "\"${SRCROOT}/Pods/Target Support Files/Pods-eurofurence/Pods-eurofurence-resources.sh\"\n";
			showEnvVarsInLog = 0;
		};
		BF7EAE1B1C74A91500A3F7D2 /* ShellScript */ = {
			isa = PBXShellScriptBuildPhase;
			buildActionMask = 2147483647;
			files = (
			);
			inputPaths = (
			);
			outputPaths = (
			);
			runOnlyForDeploymentPostprocessing = 0;
			shellPath = /bin/sh;
			shellScript = "./Fabric.framework/run 2de28adb0682e1ae06f0a4d508a45bc361b13342 87aed714c096487213254ac42c3275341289cd1c5abdd31aa637004ebdaf5da6";
		};
		BFB2FB201D0ABD7800A5CF44 /* ShellScript */ = {
			isa = PBXShellScriptBuildPhase;
			buildActionMask = 2147483647;
			files = (
			);
			inputPaths = (
			);
			outputPaths = (
			);
			runOnlyForDeploymentPostprocessing = 0;
			shellPath = /bin/sh;
			shellScript = "# xcode-build-bump.sh\n# @desc Auto-increment the build number every time the project is run.\n# @usage\n# 1. Select: your Target in Xcode\n# 2. Select: Build Phases Tab\n# 3. Select: Add Build Phase -> Add Run Script\n# 4. Paste code below in to new \"Run Script\" section\n# 5. Drag the \"Run Script\" below \"Link Binaries With Libraries\"\n# 6. Insure that your starting build number is set to a whole integer and not a float (e.g. 1, not 1.0)\n\nbuildNumber=$(/usr/libexec/PlistBuddy -c \"Print CFBundleVersion\" \"${PROJECT_DIR}/${INFOPLIST_FILE}\")\nbuildNumber=$(($buildNumber + 1))\n/usr/libexec/PlistBuddy -c \"Set :CFBundleVersion $buildNumber\" \"${PROJECT_DIR}/${INFOPLIST_FILE}\"";
		};
		DBB9402C676582A52DB2FAAA /* [CP] Check Pods Manifest.lock */ = {
			isa = PBXShellScriptBuildPhase;
			buildActionMask = 2147483647;
			files = (
			);
			inputPaths = (
			);
			name = "[CP] Check Pods Manifest.lock";
			outputPaths = (
			);
			runOnlyForDeploymentPostprocessing = 0;
			shellPath = /bin/sh;
			shellScript = "diff \"${PODS_ROOT}/../Podfile.lock\" \"${PODS_ROOT}/Manifest.lock\" > /dev/null\nif [[ $? != 0 ]] ; then\n    cat << EOM\nerror: The sandbox is not in sync with the Podfile.lock. Run 'pod install' or update your CocoaPods installation.\nEOM\n    exit 1\nfi\n";
			showEnvVarsInLog = 0;
		};
		F8812E9014C87C34D752FEB4 /* [CP] Embed Pods Frameworks */ = {
			isa = PBXShellScriptBuildPhase;
			buildActionMask = 2147483647;
			files = (
			);
			inputPaths = (
			);
			name = "[CP] Embed Pods Frameworks";
			outputPaths = (
			);
			runOnlyForDeploymentPostprocessing = 0;
			shellPath = /bin/sh;
			shellScript = "\"${SRCROOT}/Pods/Target Support Files/Pods-eurofurenceTests/Pods-eurofurenceTests-frameworks.sh\"\n";
			showEnvVarsInLog = 0;
		};
/* End PBXShellScriptBuildPhase section */

/* Begin PBXSourcesBuildPhase section */
		BF00E0561C4FEDE600F998AA /* Sources */ = {
			isa = PBXSourcesBuildPhase;
			buildActionMask = 2147483647;
			files = (
				BFA2F06F1D588F5000918FF8 /* EventManager.swift in Sources */,
				BFD220671C72832D00C98A1E /* MapViewController.swift in Sources */,
				BFCD6C0B1C907577009D5C58 /* MapTutorialViewController.swift in Sources */,
				BFB1C1DF1D535EAB003306BF /* ImageManager.swift in Sources */,
				BF3FB3E31C65162D006E2EBB /* EventViewController.swift in Sources */,
				BF2B01891C7E2C8800499E4B /* NewsViewController.swift in Sources */,
				BF994C6C1C777F5400371862 /* EventConferenceTrack.swift in Sources */,
				BFEC72AD1C8A04C800A0E6BB /* InfoViewController.swift in Sources */,
				BF994C741C777F8300371862 /* Info.swift in Sources */,
				BFCD6C091C904786009D5C58 /* TutorialPageViewController.swift in Sources */,
				BF37FFB41D144A4800F25791 /* DealerTableViewController.swift in Sources */,
				BF61C0901C70EBBE005F5C5B /* EventEntry.swift in Sources */,
				BFB1C1DD1D533AEA003306BF /* Map.swift in Sources */,
				BF994C6E1C777F6A00371862 /* EventConferenceDay.swift in Sources */,
				BF61C0921C70F3A3005F5C5B /* ObjectManager.swift in Sources */,
				BF79B08C1D18115D00932B9C /* DealersTableViewCell.swift in Sources */,
				BF994C761C778A2200371862 /* Loader.swift in Sources */,
				BF8CC9CD1CD2405800011D09 /* Announcement.swift in Sources */,
				BFCD6C141C909067009D5C58 /* EventCollectionViewCell.swift in Sources */,
				BF2B01851C7E1BE500499E4B /* NewsTableViewCell.swift in Sources */,
				BF2B01831C7E19BA00499E4B /* NewsTableViewController.swift in Sources */,
				BF1530921C73C0AA0085DF4C /* InfoCollectionViewController.swift in Sources */,
				BF6C4AA81C64C314002D250E /* EventTableViewCell.swift in Sources */,
				BF67807C1C811E0100E8630F /* Endpoint.swift in Sources */,
				BF006C4D1CD3B299006F5871 /* InfosTutorialViewController.swift in Sources */,
				BF00E0601C4FEDE600F998AA /* ViewController.swift in Sources */,
				9A458BC11D56A29100CA9C49 /* MapEntry.swift in Sources */,
				BFACDCF81CEB08E700977690 /* InfoTableViewController.swift in Sources */,
				9A6101921D59BD5800A7B3CF /* WikiText.swift in Sources */,
				BF37FFB11D1441BD00F25791 /* Dealer.swift in Sources */,
				BF994C721C777F7C00371862 /* InfoGroup.swift in Sources */,
				BFCD6C0D1C908FD1009D5C58 /* EventCollectionViewController.swift in Sources */,
				BF61C08C1C70E0D2005F5C5B /* ApiManager.swift in Sources */,
				BF2B01871C7E252B00499E4B /* NewsHeaderTableViewCell.swift in Sources */,
				BF6C4AAA1C64E11E002D250E /* EventTableViewController.swift in Sources */,
				BFA6F0DD1D1D5D81007369F4 /* DealerViewController.swift in Sources */,
				BF230AD31D4F6EBD00F7E472 /* EventHeaderCellTableViewCell.swift in Sources */,
				9A458BBF1D562E4B00CA9C49 /* CountryAlpha3Converter.swift in Sources */,
				BF230AD51D4F9E0B00F7E472 /* SharedFunctions.swift in Sources */,
				BF994C701C777F7400371862 /* EventConferenceRoom.swift in Sources */,
				BF61C0891C70CFB8005F5C5B /* NetworkHelper.swift in Sources */,
				9A35AEEC1D58FC1800ECFD0F /* Markdown.swift in Sources */,
				BF00E05E1C4FEDE600F998AA /* AppDelegate.swift in Sources */,
				BF61C08E1C70EA56005F5C5B /* ConfigManager.swift in Sources */,
				BFCD6C161C9096FC009D5C58 /* EventFilterTableViewController.swift in Sources */,
				9A8AEA511D526755004A17E3 /* RoutingAppChooser.swift in Sources */,
				BF1530941C73C0D40085DF4C /* InfoCollectionViewCell.swift in Sources */,
			);
			runOnlyForDeploymentPostprocessing = 0;
		};
		BF00E06A1C4FEDE700F998AA /* Sources */ = {
			isa = PBXSourcesBuildPhase;
			buildActionMask = 2147483647;
			files = (
				BF00E0731C4FEDE700F998AA /* eurofurenceTests.swift in Sources */,
			);
			runOnlyForDeploymentPostprocessing = 0;
		};
		BF00E0751C4FEDE700F998AA /* Sources */ = {
			isa = PBXSourcesBuildPhase;
			buildActionMask = 2147483647;
			files = (
				BF00E07E1C4FEDE700F998AA /* eurofurenceUITests.swift in Sources */,
			);
			runOnlyForDeploymentPostprocessing = 0;
		};
/* End PBXSourcesBuildPhase section */

/* Begin PBXTargetDependency section */
		BF00E0701C4FEDE700F998AA /* PBXTargetDependency */ = {
			isa = PBXTargetDependency;
			target = BF00E0591C4FEDE600F998AA /* eurofurence */;
			targetProxy = BF00E06F1C4FEDE700F998AA /* PBXContainerItemProxy */;
		};
		BF00E07B1C4FEDE700F998AA /* PBXTargetDependency */ = {
			isa = PBXTargetDependency;
			target = BF00E0591C4FEDE600F998AA /* eurofurence */;
			targetProxy = BF00E07A1C4FEDE700F998AA /* PBXContainerItemProxy */;
		};
/* End PBXTargetDependency section */

/* Begin PBXVariantGroup section */
		BF00E0611C4FEDE700F998AA /* Main.storyboard */ = {
			isa = PBXVariantGroup;
			children = (
				BF00E0621C4FEDE700F998AA /* Base */,
			);
			name = Main.storyboard;
			sourceTree = "<group>";
		};
		BF00E0661C4FEDE700F998AA /* LaunchScreen.storyboard */ = {
			isa = PBXVariantGroup;
			children = (
				BF00E0671C4FEDE700F998AA /* Base */,
			);
			name = LaunchScreen.storyboard;
			sourceTree = "<group>";
		};
/* End PBXVariantGroup section */

/* Begin XCBuildConfiguration section */
		BF00E0801C4FEDE700F998AA /* Debug */ = {
			isa = XCBuildConfiguration;
			buildSettings = {
				ALWAYS_SEARCH_USER_PATHS = NO;
				CLANG_CXX_LANGUAGE_STANDARD = "gnu++0x";
				CLANG_CXX_LIBRARY = "libc++";
				CLANG_ENABLE_MODULES = YES;
				CLANG_ENABLE_OBJC_ARC = YES;
				CLANG_WARN_BOOL_CONVERSION = YES;
				CLANG_WARN_CONSTANT_CONVERSION = YES;
				CLANG_WARN_DIRECT_OBJC_ISA_USAGE = YES_ERROR;
				CLANG_WARN_EMPTY_BODY = YES;
				CLANG_WARN_ENUM_CONVERSION = YES;
				CLANG_WARN_INT_CONVERSION = YES;
				CLANG_WARN_OBJC_ROOT_CLASS = YES_ERROR;
				CLANG_WARN_UNREACHABLE_CODE = YES;
				CLANG_WARN__DUPLICATE_METHOD_MATCH = YES;
				"CODE_SIGN_IDENTITY[sdk=iphoneos*]" = "iPhone Developer";
				COPY_PHASE_STRIP = NO;
				DEBUG_INFORMATION_FORMAT = dwarf;
				ENABLE_STRICT_OBJC_MSGSEND = YES;
				ENABLE_TESTABILITY = YES;
				GCC_C_LANGUAGE_STANDARD = gnu99;
				GCC_DYNAMIC_NO_PIC = NO;
				GCC_NO_COMMON_BLOCKS = YES;
				GCC_OPTIMIZATION_LEVEL = 0;
				GCC_PREPROCESSOR_DEFINITIONS = (
					"DEBUG=1",
					"$(inherited)",
				);
				GCC_WARN_64_TO_32_BIT_CONVERSION = YES;
				GCC_WARN_ABOUT_RETURN_TYPE = YES_ERROR;
				GCC_WARN_UNDECLARED_SELECTOR = YES;
				GCC_WARN_UNINITIALIZED_AUTOS = YES_AGGRESSIVE;
				GCC_WARN_UNUSED_FUNCTION = YES;
				GCC_WARN_UNUSED_VARIABLE = YES;
				IPHONEOS_DEPLOYMENT_TARGET = 8.0;
				MTL_ENABLE_DEBUG_INFO = YES;
				ONLY_ACTIVE_ARCH = YES;
				SDKROOT = iphoneos;
				SWIFT_OPTIMIZATION_LEVEL = "-Onone";
				TARGETED_DEVICE_FAMILY = "1,2";
			};
			name = Debug;
		};
		BF00E0811C4FEDE700F998AA /* Release */ = {
			isa = XCBuildConfiguration;
			buildSettings = {
				ALWAYS_SEARCH_USER_PATHS = NO;
				CLANG_CXX_LANGUAGE_STANDARD = "gnu++0x";
				CLANG_CXX_LIBRARY = "libc++";
				CLANG_ENABLE_MODULES = YES;
				CLANG_ENABLE_OBJC_ARC = YES;
				CLANG_WARN_BOOL_CONVERSION = YES;
				CLANG_WARN_CONSTANT_CONVERSION = YES;
				CLANG_WARN_DIRECT_OBJC_ISA_USAGE = YES_ERROR;
				CLANG_WARN_EMPTY_BODY = YES;
				CLANG_WARN_ENUM_CONVERSION = YES;
				CLANG_WARN_INT_CONVERSION = YES;
				CLANG_WARN_OBJC_ROOT_CLASS = YES_ERROR;
				CLANG_WARN_UNREACHABLE_CODE = YES;
				CLANG_WARN__DUPLICATE_METHOD_MATCH = YES;
				"CODE_SIGN_IDENTITY[sdk=iphoneos*]" = "iPhone Developer";
				COPY_PHASE_STRIP = NO;
				DEBUG_INFORMATION_FORMAT = "dwarf-with-dsym";
				ENABLE_NS_ASSERTIONS = NO;
				ENABLE_STRICT_OBJC_MSGSEND = YES;
				GCC_C_LANGUAGE_STANDARD = gnu99;
				GCC_NO_COMMON_BLOCKS = YES;
				GCC_WARN_64_TO_32_BIT_CONVERSION = YES;
				GCC_WARN_ABOUT_RETURN_TYPE = YES_ERROR;
				GCC_WARN_UNDECLARED_SELECTOR = YES;
				GCC_WARN_UNINITIALIZED_AUTOS = YES_AGGRESSIVE;
				GCC_WARN_UNUSED_FUNCTION = YES;
				GCC_WARN_UNUSED_VARIABLE = YES;
				IPHONEOS_DEPLOYMENT_TARGET = 8.0;
				MTL_ENABLE_DEBUG_INFO = NO;
				SDKROOT = iphoneos;
				TARGETED_DEVICE_FAMILY = "1,2";
				VALIDATE_PRODUCT = YES;
			};
			name = Release;
		};
		BF00E0831C4FEDE700F998AA /* Debug */ = {
			isa = XCBuildConfiguration;
			baseConfigurationReference = 189766F0352347C7F8556D83 /* Pods-eurofurence.debug.xcconfig */;
			buildSettings = {
				ASSETCATALOG_COMPILER_APPICON_NAME = AppIcon;
				CODE_SIGN_IDENTITY = "iPhone Developer";
				DEBUG_INFORMATION_FORMAT = "dwarf-with-dsym";
				INFOPLIST_FILE = eurofurence/Info.plist;
				IPHONEOS_DEPLOYMENT_TARGET = 8.0;
				LD_RUNPATH_SEARCH_PATHS = "$(inherited) @executable_path/Frameworks";
				PRODUCT_BUNDLE_IDENTIFIER = org.eurofurence;
				PRODUCT_NAME = Eurofurence;
				TARGETED_DEVICE_FAMILY = 1;
			};
			name = Debug;
		};
		BF00E0841C4FEDE700F998AA /* Release */ = {
			isa = XCBuildConfiguration;
			baseConfigurationReference = 6CE2419A176FC2F300B80B20 /* Pods-eurofurence.release.xcconfig */;
			buildSettings = {
				ASSETCATALOG_COMPILER_APPICON_NAME = AppIcon;
				CODE_SIGN_IDENTITY = "iPhone Developer";
				INFOPLIST_FILE = eurofurence/Info.plist;
				IPHONEOS_DEPLOYMENT_TARGET = 8.0;
				LD_RUNPATH_SEARCH_PATHS = "$(inherited) @executable_path/Frameworks";
				PRODUCT_BUNDLE_IDENTIFIER = org.eurofurence;
				PRODUCT_NAME = Eurofurence;
				TARGETED_DEVICE_FAMILY = 1;
			};
			name = Release;
		};
		BF00E0861C4FEDE700F998AA /* Debug */ = {
			isa = XCBuildConfiguration;
			baseConfigurationReference = FA015421B66B83E5C87903A1 /* Pods-eurofurenceTests.debug.xcconfig */;
			buildSettings = {
				BUNDLE_LOADER = "$(TEST_HOST)";
				INFOPLIST_FILE = eurofurenceTests/Info.plist;
				LD_RUNPATH_SEARCH_PATHS = "$(inherited) @executable_path/Frameworks @loader_path/Frameworks";
				PRODUCT_BUNDLE_IDENTIFIER = EF.eurofurenceTests;
				PRODUCT_NAME = eurofurence.temp_caseinsensitive_rename.temp_caseinsensitive_rename;
				TEST_HOST = "$(BUILT_PRODUCTS_DIR)/eurofurence.temp_caseinsensitive_rename.temp_caseinsensitive_rename.app/eurofurence.temp_caseinsensitive_rename.temp_caseinsensitive_rename";
			};
			name = Debug;
		};
		BF00E0871C4FEDE700F998AA /* Release */ = {
			isa = XCBuildConfiguration;
			baseConfigurationReference = D73BA5B6FD1C8343C67F82E5 /* Pods-eurofurenceTests.release.xcconfig */;
			buildSettings = {
				BUNDLE_LOADER = "$(TEST_HOST)";
				INFOPLIST_FILE = eurofurenceTests/Info.plist;
				LD_RUNPATH_SEARCH_PATHS = "$(inherited) @executable_path/Frameworks @loader_path/Frameworks";
				PRODUCT_BUNDLE_IDENTIFIER = EF.eurofurenceTests;
				PRODUCT_NAME = eurofurence.temp_caseinsensitive_rename.temp_caseinsensitive_rename;
				TEST_HOST = "$(BUILT_PRODUCTS_DIR)/eurofurence.temp_caseinsensitive_rename.temp_caseinsensitive_rename.app/eurofurence.temp_caseinsensitive_rename.temp_caseinsensitive_rename";
			};
			name = Release;
		};
		BF00E0891C4FEDE700F998AA /* Debug */ = {
			isa = XCBuildConfiguration;
			baseConfigurationReference = 33C87D0B541CC54B669E6EE1 /* Pods-eurofurenceUITests.debug.xcconfig */;
			buildSettings = {
				INFOPLIST_FILE = eurofurenceUITests/Info.plist;
				LD_RUNPATH_SEARCH_PATHS = "$(inherited) @executable_path/Frameworks @loader_path/Frameworks";
				PRODUCT_BUNDLE_IDENTIFIER = EF.eurofurenceUITests;
				PRODUCT_NAME = eurofurence.temp_caseinsensitive_rename.temp_caseinsensitive_rename;
				TEST_TARGET_NAME = eurofurence;
				USES_XCTRUNNER = YES;
			};
			name = Debug;
		};
		BF00E08A1C4FEDE700F998AA /* Release */ = {
			isa = XCBuildConfiguration;
			baseConfigurationReference = AC2E61ED963D8B69D0386AE9 /* Pods-eurofurenceUITests.release.xcconfig */;
			buildSettings = {
				INFOPLIST_FILE = eurofurenceUITests/Info.plist;
				LD_RUNPATH_SEARCH_PATHS = "$(inherited) @executable_path/Frameworks @loader_path/Frameworks";
				PRODUCT_BUNDLE_IDENTIFIER = EF.eurofurenceUITests;
				PRODUCT_NAME = eurofurence.temp_caseinsensitive_rename.temp_caseinsensitive_rename;
				TEST_TARGET_NAME = eurofurence;
				USES_XCTRUNNER = YES;
			};
			name = Release;
		};
/* End XCBuildConfiguration section */

/* Begin XCConfigurationList section */
		BF00E0551C4FEDE600F998AA /* Build configuration list for PBXProject "eurofurence" */ = {
			isa = XCConfigurationList;
			buildConfigurations = (
				BF00E0801C4FEDE700F998AA /* Debug */,
				BF00E0811C4FEDE700F998AA /* Release */,
			);
			defaultConfigurationIsVisible = 0;
			defaultConfigurationName = Release;
		};
		BF00E0821C4FEDE700F998AA /* Build configuration list for PBXNativeTarget "eurofurence" */ = {
			isa = XCConfigurationList;
			buildConfigurations = (
				BF00E0831C4FEDE700F998AA /* Debug */,
				BF00E0841C4FEDE700F998AA /* Release */,
			);
			defaultConfigurationIsVisible = 0;
			defaultConfigurationName = Release;
		};
		BF00E0851C4FEDE700F998AA /* Build configuration list for PBXNativeTarget "eurofurenceTests" */ = {
			isa = XCConfigurationList;
			buildConfigurations = (
				BF00E0861C4FEDE700F998AA /* Debug */,
				BF00E0871C4FEDE700F998AA /* Release */,
			);
			defaultConfigurationIsVisible = 0;
			defaultConfigurationName = Release;
		};
		BF00E0881C4FEDE700F998AA /* Build configuration list for PBXNativeTarget "eurofurenceUITests" */ = {
			isa = XCConfigurationList;
			buildConfigurations = (
				BF00E0891C4FEDE700F998AA /* Debug */,
				BF00E08A1C4FEDE700F998AA /* Release */,
			);
			defaultConfigurationIsVisible = 0;
			defaultConfigurationName = Release;
		};
/* End XCConfigurationList section */
	};
	rootObject = BF00E0521C4FEDE600F998AA /* Project object */;
}
